// !$*UTF8*$!
{
	archiveVersion = 1;
	classes = {
	};
	objectVersion = 50;
	objects = {

/* Begin PBXBuildFile section */
		2981B05B248988280087D5FA /* HorizontalPageLayout.swift in Sources */ = {isa = PBXBuildFile; fileRef = 2981B05A248988280087D5FA /* HorizontalPageLayout.swift */; };
		2981B05E248988690087D5FA /* CollectionView.swift in Sources */ = {isa = PBXBuildFile; fileRef = 2981B05D248988690087D5FA /* CollectionView.swift */; };
		29CCCE4F248943E3006C1360 /* AppDelegate.swift in Sources */ = {isa = PBXBuildFile; fileRef = 29CCCE4E248943E3006C1360 /* AppDelegate.swift */; };
		29CCCE51248943E3006C1360 /* SceneDelegate.swift in Sources */ = {isa = PBXBuildFile; fileRef = 29CCCE50248943E3006C1360 /* SceneDelegate.swift */; };
		29CCCE53248943E3006C1360 /* ContentView.swift in Sources */ = {isa = PBXBuildFile; fileRef = 29CCCE52248943E3006C1360 /* ContentView.swift */; };
		29CCCE55248943E3006C1360 /* Assets.xcassets in Resources */ = {isa = PBXBuildFile; fileRef = 29CCCE54248943E3006C1360 /* Assets.xcassets */; };
		29CCCE58248943E3006C1360 /* Preview Assets.xcassets in Resources */ = {isa = PBXBuildFile; fileRef = 29CCCE57248943E3006C1360 /* Preview Assets.xcassets */; };
		29CCCE5B248943E3006C1360 /* LaunchScreen.storyboard in Resources */ = {isa = PBXBuildFile; fileRef = 29CCCE59248943E3006C1360 /* LaunchScreen.storyboard */; };
/* End PBXBuildFile section */

/* Begin PBXFileReference section */
		2981B05A248988280087D5FA /* HorizontalPageLayout.swift */ = {isa = PBXFileReference; lastKnownFileType = sourcecode.swift; path = HorizontalPageLayout.swift; sourceTree = "<group>"; };
		2981B05D248988690087D5FA /* CollectionView.swift */ = {isa = PBXFileReference; lastKnownFileType = sourcecode.swift; path = CollectionView.swift; sourceTree = "<group>"; };
		29CCCE4B248943E3006C1360 /* CollectionView-playground.app */ = {isa = PBXFileReference; explicitFileType = wrapper.application; includeInIndex = 0; path = "CollectionView-playground.app"; sourceTree = BUILT_PRODUCTS_DIR; };
		29CCCE4E248943E3006C1360 /* AppDelegate.swift */ = {isa = PBXFileReference; lastKnownFileType = sourcecode.swift; path = AppDelegate.swift; sourceTree = "<group>"; };
		29CCCE50248943E3006C1360 /* SceneDelegate.swift */ = {isa = PBXFileReference; lastKnownFileType = sourcecode.swift; path = SceneDelegate.swift; sourceTree = "<group>"; };
		29CCCE52248943E3006C1360 /* ContentView.swift */ = {isa = PBXFileReference; lastKnownFileType = sourcecode.swift; path = ContentView.swift; sourceTree = "<group>"; };
		29CCCE54248943E3006C1360 /* Assets.xcassets */ = {isa = PBXFileReference; lastKnownFileType = folder.assetcatalog; path = Assets.xcassets; sourceTree = "<group>"; };
		29CCCE57248943E3006C1360 /* Preview Assets.xcassets */ = {isa = PBXFileReference; lastKnownFileType = folder.assetcatalog; path = "Preview Assets.xcassets"; sourceTree = "<group>"; };
		29CCCE5A248943E3006C1360 /* Base */ = {isa = PBXFileReference; lastKnownFileType = file.storyboard; name = Base; path = Base.lproj/LaunchScreen.storyboard; sourceTree = "<group>"; };
		29CCCE5C248943E3006C1360 /* Info.plist */ = {isa = PBXFileReference; lastKnownFileType = text.plist.xml; path = Info.plist; sourceTree = "<group>"; };
/* End PBXFileReference section */

/* Begin PBXFrameworksBuildPhase section */
		29CCCE48248943E3006C1360 /* Frameworks */ = {
			isa = PBXFrameworksBuildPhase;
			buildActionMask = 2147483647;
			files = (
			);
			runOnlyForDeploymentPostprocessing = 0;
		};
/* End PBXFrameworksBuildPhase section */

/* Begin PBXGroup section */
		2981B0592489880C0087D5FA /* Layouts */ = {
			isa = PBXGroup;
			children = (
				2981B05A248988280087D5FA /* HorizontalPageLayout.swift */,
			);
			path = Layouts;
			sourceTree = "<group>";
		};
		2981B05C248988550087D5FA /* CollectionView */ = {
			isa = PBXGroup;
			children = (
				2981B0592489880C0087D5FA /* Layouts */,
				2981B05D248988690087D5FA /* CollectionView.swift */,
			);
			path = CollectionView;
			sourceTree = "<group>";
		};
		29CCCE42248943E3006C1360 = {
			isa = PBXGroup;
			children = (
				29CCCE4D248943E3006C1360 /* CollectionView-playground */,
				29CCCE4C248943E3006C1360 /* Products */,
			);
			sourceTree = "<group>";
		};
		29CCCE4C248943E3006C1360 /* Products */ = {
			isa = PBXGroup;
			children = (
				29CCCE4B248943E3006C1360 /* CollectionView-playground.app */,
			);
			name = Products;
			sourceTree = "<group>";
		};
		29CCCE4D248943E3006C1360 /* CollectionView-playground */ = {
			isa = PBXGroup;
			children = (
				2981B05C248988550087D5FA /* CollectionView */,
				29CCCE4E248943E3006C1360 /* AppDelegate.swift */,
				29CCCE50248943E3006C1360 /* SceneDelegate.swift */,
				29CCCE52248943E3006C1360 /* ContentView.swift */,
				29CCCE54248943E3006C1360 /* Assets.xcassets */,
				29CCCE59248943E3006C1360 /* LaunchScreen.storyboard */,
				29CCCE5C248943E3006C1360 /* Info.plist */,
				29CCCE56248943E3006C1360 /* Preview Content */,
			);
			path = "CollectionView-playground";
			sourceTree = "<group>";
		};
		29CCCE56248943E3006C1360 /* Preview Content */ = {
			isa = PBXGroup;
			children = (
				29CCCE57248943E3006C1360 /* Preview Assets.xcassets */,
			);
			path = "Preview Content";
			sourceTree = "<group>";
		};
/* End PBXGroup section */

/* Begin PBXNativeTarget section */
		29CCCE4A248943E3006C1360 /* CollectionView-playground */ = {
			isa = PBXNativeTarget;
			buildConfigurationList = 29CCCE5F248943E3006C1360 /* Build configuration list for PBXNativeTarget "CollectionView-playground" */;
			buildPhases = (
				29CCCE47248943E3006C1360 /* Sources */,
				29CCCE48248943E3006C1360 /* Frameworks */,
				29CCCE49248943E3006C1360 /* Resources */,
			);
			buildRules = (
			);
			dependencies = (
			);
			name = "CollectionView-playground";
			productName = "CollectionView-playground";
			productReference = 29CCCE4B248943E3006C1360 /* CollectionView-playground.app */;
			productType = "com.apple.product-type.application";
		};
/* End PBXNativeTarget section */

/* Begin PBXProject section */
		29CCCE43248943E3006C1360 /* Project object */ = {
			isa = PBXProject;
			attributes = {
				LastSwiftUpdateCheck = 1150;
				LastUpgradeCheck = 1150;
				ORGANIZATIONNAME = "Volkswagen AG";
				TargetAttributes = {
					29CCCE4A248943E3006C1360 = {
						CreatedOnToolsVersion = 11.5;
					};
				};
			};
			buildConfigurationList = 29CCCE46248943E3006C1360 /* Build configuration list for PBXProject "CollectionView-playground" */;
			compatibilityVersion = "Xcode 9.3";
			developmentRegion = en;
			hasScannedForEncodings = 0;
			knownRegions = (
				en,
				Base,
			);
			mainGroup = 29CCCE42248943E3006C1360;
			productRefGroup = 29CCCE4C248943E3006C1360 /* Products */;
			projectDirPath = "";
			projectRoot = "";
			targets = (
				29CCCE4A248943E3006C1360 /* CollectionView-playground */,
			);
		};
/* End PBXProject section */

/* Begin PBXResourcesBuildPhase section */
		29CCCE49248943E3006C1360 /* Resources */ = {
			isa = PBXResourcesBuildPhase;
			buildActionMask = 2147483647;
			files = (
				29CCCE5B248943E3006C1360 /* LaunchScreen.storyboard in Resources */,
				29CCCE58248943E3006C1360 /* Preview Assets.xcassets in Resources */,
				29CCCE55248943E3006C1360 /* Assets.xcassets in Resources */,
			);
			runOnlyForDeploymentPostprocessing = 0;
		};
/* End PBXResourcesBuildPhase section */

/* Begin PBXSourcesBuildPhase section */
		29CCCE47248943E3006C1360 /* Sources */ = {
			isa = PBXSourcesBuildPhase;
			buildActionMask = 2147483647;
			files = (
				29CCCE4F248943E3006C1360 /* AppDelegate.swift in Sources */,
				2981B05E248988690087D5FA /* CollectionView.swift in Sources */,
				29CCCE51248943E3006C1360 /* SceneDelegate.swift in Sources */,
				2981B05B248988280087D5FA /* HorizontalPageLayout.swift in Sources */,
				29CCCE53248943E3006C1360 /* ContentView.swift in Sources */,
			);
			runOnlyForDeploymentPostprocessing = 0;
		};
/* End PBXSourcesBuildPhase section */

/* Begin PBXVariantGroup section */
		29CCCE59248943E3006C1360 /* LaunchScreen.storyboard */ = {
			isa = PBXVariantGroup;
			children = (
				29CCCE5A248943E3006C1360 /* Base */,
			);
			name = LaunchScreen.storyboard;
			sourceTree = "<group>";
		};
/* End PBXVariantGroup section */

/* Begin XCBuildConfiguration section */
		29CCCE5D248943E3006C1360 /* Debug */ = {
			isa = XCBuildConfiguration;
			buildSettings = {
				ALWAYS_SEARCH_USER_PATHS = NO;
				CLANG_ANALYZER_NONNULL = YES;
				CLANG_ANALYZER_NUMBER_OBJECT_CONVERSION = YES_AGGRESSIVE;
				CLANG_CXX_LANGUAGE_STANDARD = "gnu++14";
				CLANG_CXX_LIBRARY = "libc++";
				CLANG_ENABLE_MODULES = YES;
				CLANG_ENABLE_OBJC_ARC = YES;
				CLANG_ENABLE_OBJC_WEAK = YES;
				CLANG_WARN_BLOCK_CAPTURE_AUTORELEASING = YES;
				CLANG_WARN_BOOL_CONVERSION = YES;
				CLANG_WARN_COMMA = YES;
				CLANG_WARN_CONSTANT_CONVERSION = YES;
				CLANG_WARN_DEPRECATED_OBJC_IMPLEMENTATIONS = YES;
				CLANG_WARN_DIRECT_OBJC_ISA_USAGE = YES_ERROR;
				CLANG_WARN_DOCUMENTATION_COMMENTS = YES;
				CLANG_WARN_EMPTY_BODY = YES;
				CLANG_WARN_ENUM_CONVERSION = YES;
				CLANG_WARN_INFINITE_RECURSION = YES;
				CLANG_WARN_INT_CONVERSION = YES;
				CLANG_WARN_NON_LITERAL_NULL_CONVERSION = YES;
				CLANG_WARN_OBJC_IMPLICIT_RETAIN_SELF = YES;
				CLANG_WARN_OBJC_LITERAL_CONVERSION = YES;
				CLANG_WARN_OBJC_ROOT_CLASS = YES_ERROR;
				CLANG_WARN_RANGE_LOOP_ANALYSIS = YES;
				CLANG_WARN_STRICT_PROTOTYPES = YES;
				CLANG_WARN_SUSPICIOUS_MOVE = YES;
				CLANG_WARN_UNGUARDED_AVAILABILITY = YES_AGGRESSIVE;
				CLANG_WARN_UNREACHABLE_CODE = YES;
				CLANG_WARN__DUPLICATE_METHOD_MATCH = YES;
				COPY_PHASE_STRIP = NO;
				DEBUG_INFORMATION_FORMAT = dwarf;
				ENABLE_STRICT_OBJC_MSGSEND = YES;
				ENABLE_TESTABILITY = YES;
				GCC_C_LANGUAGE_STANDARD = gnu11;
				GCC_DYNAMIC_NO_PIC = NO;
				GCC_NO_COMMON_BLOCKS = YES;
				GCC_OPTIMIZATION_LEVEL = 0;
				GCC_PREPROCESSOR_DEFINITIONS = (
					"DEBUG=1",
					"$(inherited)",
				);
				GCC_WARN_64_TO_32_BIT_CONVERSION = YES;
				GCC_WARN_ABOUT_RETURN_TYPE = YES_ERROR;
				GCC_WARN_UNDECLARED_SELECTOR = YES;
				GCC_WARN_UNINITIALIZED_AUTOS = YES_AGGRESSIVE;
				GCC_WARN_UNUSED_FUNCTION = YES;
				GCC_WARN_UNUSED_VARIABLE = YES;
				IPHONEOS_DEPLOYMENT_TARGET = 13.5;
				MTL_ENABLE_DEBUG_INFO = INCLUDE_SOURCE;
				MTL_FAST_MATH = YES;
				ONLY_ACTIVE_ARCH = YES;
				SDKROOT = iphoneos;
				SWIFT_ACTIVE_COMPILATION_CONDITIONS = DEBUG;
				SWIFT_OPTIMIZATION_LEVEL = "-Onone";
			};
			name = Debug;
		};
		29CCCE5E248943E3006C1360 /* Release */ = {
			isa = XCBuildConfiguration;
			buildSettings = {
				ALWAYS_SEARCH_USER_PATHS = NO;
				CLANG_ANALYZER_NONNULL = YES;
				CLANG_ANALYZER_NUMBER_OBJECT_CONVERSION = YES_AGGRESSIVE;
				CLANG_CXX_LANGUAGE_STANDARD = "gnu++14";
				CLANG_CXX_LIBRARY = "libc++";
				CLANG_ENABLE_MODULES = YES;
				CLANG_ENABLE_OBJC_ARC = YES;
				CLANG_ENABLE_OBJC_WEAK = YES;
				CLANG_WARN_BLOCK_CAPTURE_AUTORELEASING = YES;
				CLANG_WARN_BOOL_CONVERSION = YES;
				CLANG_WARN_COMMA = YES;
				CLANG_WARN_CONSTANT_CONVERSION = YES;
				CLANG_WARN_DEPRECATED_OBJC_IMPLEMENTATIONS = YES;
				CLANG_WARN_DIRECT_OBJC_ISA_USAGE = YES_ERROR;
				CLANG_WARN_DOCUMENTATION_COMMENTS = YES;
				CLANG_WARN_EMPTY_BODY = YES;
				CLANG_WARN_ENUM_CONVERSION = YES;
				CLANG_WARN_INFINITE_RECURSION = YES;
				CLANG_WARN_INT_CONVERSION = YES;
				CLANG_WARN_NON_LITERAL_NULL_CONVERSION = YES;
				CLANG_WARN_OBJC_IMPLICIT_RETAIN_SELF = YES;
				CLANG_WARN_OBJC_LITERAL_CONVERSION = YES;
				CLANG_WARN_OBJC_ROOT_CLASS = YES_ERROR;
				CLANG_WARN_RANGE_LOOP_ANALYSIS = YES;
				CLANG_WARN_STRICT_PROTOTYPES = YES;
				CLANG_WARN_SUSPICIOUS_MOVE = YES;
				CLANG_WARN_UNGUARDED_AVAILABILITY = YES_AGGRESSIVE;
				CLANG_WARN_UNREACHABLE_CODE = YES;
				CLANG_WARN__DUPLICATE_METHOD_MATCH = YES;
				COPY_PHASE_STRIP = NO;
				DEBUG_INFORMATION_FORMAT = "dwarf-with-dsym";
				ENABLE_NS_ASSERTIONS = NO;
				ENABLE_STRICT_OBJC_MSGSEND = YES;
				GCC_C_LANGUAGE_STANDARD = gnu11;
				GCC_NO_COMMON_BLOCKS = YES;
				GCC_WARN_64_TO_32_BIT_CONVERSION = YES;
				GCC_WARN_ABOUT_RETURN_TYPE = YES_ERROR;
				GCC_WARN_UNDECLARED_SELECTOR = YES;
				GCC_WARN_UNINITIALIZED_AUTOS = YES_AGGRESSIVE;
				GCC_WARN_UNUSED_FUNCTION = YES;
				GCC_WARN_UNUSED_VARIABLE = YES;
				IPHONEOS_DEPLOYMENT_TARGET = 13.5;
				MTL_ENABLE_DEBUG_INFO = NO;
				MTL_FAST_MATH = YES;
				SDKROOT = iphoneos;
				SWIFT_COMPILATION_MODE = wholemodule;
				SWIFT_OPTIMIZATION_LEVEL = "-O";
				VALIDATE_PRODUCT = YES;
			};
			name = Release;
		};
		29CCCE60248943E3006C1360 /* Debug */ = {
			isa = XCBuildConfiguration;
			buildSettings = {
				ASSETCATALOG_COMPILER_APPICON_NAME = AppIcon;
				CODE_SIGN_STYLE = Automatic;
				DEVELOPMENT_ASSET_PATHS = "\"CollectionView-playground/Preview Content\"";
				DEVELOPMENT_TEAM = 73EB9YVH7Y;
				ENABLE_PREVIEWS = YES;
				INFOPLIST_FILE = "CollectionView-playground/Info.plist";
				LD_RUNPATH_SEARCH_PATHS = (
					"$(inherited)",
					"@executable_path/Frameworks",
				);
				PRODUCT_BUNDLE_IDENTIFIER = "com.volkswagen.CollectionView-playground";
				PRODUCT_NAME = "$(TARGET_NAME)";
				SWIFT_VERSION = 5.0;
				TARGETED_DEVICE_FAMILY = "1,2";
			};
			name = Debug;
		};
		29CCCE61248943E3006C1360 /* Release */ = {
			isa = XCBuildConfiguration;
			buildSettings = {
				ASSETCATALOG_COMPILER_APPICON_NAME = AppIcon;
				CODE_SIGN_STYLE = Automatic;
				DEVELOPMENT_ASSET_PATHS = "\"CollectionView-playground/Preview Content\"";
				DEVELOPMENT_TEAM = 73EB9YVH7Y;
				ENABLE_PREVIEWS = YES;
				INFOPLIST_FILE = "CollectionView-playground/Info.plist";
				LD_RUNPATH_SEARCH_PATHS = (
					"$(inherited)",
					"@executable_path/Frameworks",
				);
				PRODUCT_BUNDLE_IDENTIFIER = "com.volkswagen.CollectionView-playground";
				PRODUCT_NAME = "$(TARGET_NAME)";
				SWIFT_VERSION = 5.0;
				TARGETED_DEVICE_FAMILY = "1,2";
			};
			name = Release;
		};
/* End XCBuildConfiguration section */

/* Begin XCConfigurationList section */
		29CCCE46248943E3006C1360 /* Build configuration list for PBXProject "CollectionView-playground" */ = {
			isa = XCConfigurationList;
			buildConfigurations = (
				29CCCE5D248943E3006C1360 /* Debug */,
				29CCCE5E248943E3006C1360 /* Release */,
			);
			defaultConfigurationIsVisible = 0;
			defaultConfigurationName = Release;
		};
		29CCCE5F248943E3006C1360 /* Build configuration list for PBXNativeTarget "CollectionView-playground" */ = {
			isa = XCConfigurationList;
			buildConfigurations = (
				29CCCE60248943E3006C1360 /* Debug */,
				29CCCE61248943E3006C1360 /* Release */,
			);
			defaultConfigurationIsVisible = 0;
			defaultConfigurationName = Release;
		};
/* End XCConfigurationList section */
	};
	rootObject = 29CCCE43248943E3006C1360 /* Project object */;
}
